
Microsoft Visual Studio Solution File, Format Version 12.00
# Visual Studio Version 17
VisualStudioVersion = 17.8.34330.188
MinimumVisualStudioVersion = 10.0.40219.1
Project("{FAE04EC0-301F-11D3-BF4B-00C04F79EFBC}") = "PruebaPersona", "PruebaPersona\PruebaPersona.csproj", "{096CAC17-1E44-4A25-84BB-EDCDC12CF899}"
EndProject
Global
	GlobalSection(SolutionConfigurationPlatforms) = preSolution
		Debug|Any CPU = Debug|Any CPU
		Release|Any CPU = Release|Any CPU
	EndGlobalSection
	GlobalSection(ProjectConfigurationPlatforms) = postSolution
		{096CAC17-1E44-4A25-84BB-EDCDC12CF899}.Debug|Any CPU.ActiveCfg = Debug|Any CPU
		{096CAC17-1E44-4A25-84BB-EDCDC12CF899}.Debug|Any CPU.Build.0 = Debug|Any CPU
		{096CAC17-1E44-4A25-84BB-EDCDC12CF899}.Release|Any CPU.ActiveCfg = Release|Any CPU
		{096CAC17-1E44-4A25-84BB-EDCDC12CF899}.Release|Any CPU.Build.0 = Release|Any CPU
	EndGlobalSection
	GlobalSection(SolutionProperties) = preSolution
		HideSolutionNode = FALSE
	EndGlobalSection
	GlobalSection(ExtensibilityGlobals) = postSolution
		SolutionGuid = {3D7F70C4-1921-4416-B179-C0500DB2F4B4}
	EndGlobalSection
EndGlobal
